
Microsoft Visual Studio Solution File, Format Version 12.00
# Visual Studio 15
VisualStudioVersion = 15.0.26124.0
MinimumVisualStudioVersion = 15.0.26124.0
Project("{2150E333-8FDC-42A3-9474-1A3956D46DE8}") = "src", "src", "{F950B91D-0375-4193-8627-E223D12CA0EA}"
EndProject
Project("{FAE04EC0-301F-11D3-BF4B-00C04F79EFBC}") = "GradeBook", "src\GradeBook\GradeBook.csproj", "{DA4A0A89-3435-4F21-8C5C-DF8AC4BE654A}"
EndProject
Project("{2150E333-8FDC-42A3-9474-1A3956D46DE8}") = "test", "test", "{6DFCEB95-787D-4A66-8A3F-66D98448AE3D}"
EndProject
Project("{FAE04EC0-301F-11D3-BF4B-00C04F79EFBC}") = "GradeBook.Tests", "test\GradeBook.Tests\GradeBook.Tests.csproj", "{FBDCC603-D83D-4E91-BF3A-8AE2C18FEC7D}"
EndProject
Global
	GlobalSection(SolutionConfigurationPlatforms) = preSolution
		Debug|Any CPU = Debug|Any CPU
		Debug|x64 = Debug|x64
		Debug|x86 = Debug|x86
		Release|Any CPU = Release|Any CPU
		Release|x64 = Release|x64
		Release|x86 = Release|x86
	EndGlobalSection
	GlobalSection(SolutionProperties) = preSolution
		HideSolutionNode = FALSE
	EndGlobalSection
	GlobalSection(ProjectConfigurationPlatforms) = postSolution
		{DA4A0A89-3435-4F21-8C5C-DF8AC4BE654A}.Debug|Any CPU.ActiveCfg = Debug|Any CPU
		{DA4A0A89-3435-4F21-8C5C-DF8AC4BE654A}.Debug|Any CPU.Build.0 = Debug|Any CPU
		{DA4A0A89-3435-4F21-8C5C-DF8AC4BE654A}.Debug|x64.ActiveCfg = Debug|Any CPU
		{DA4A0A89-3435-4F21-8C5C-DF8AC4BE654A}.Debug|x64.Build.0 = Debug|Any CPU
		{DA4A0A89-3435-4F21-8C5C-DF8AC4BE654A}.Debug|x86.ActiveCfg = Debug|Any CPU
		{DA4A0A89-3435-4F21-8C5C-DF8AC4BE654A}.Debug|x86.Build.0 = Debug|Any CPU
		{DA4A0A89-3435-4F21-8C5C-DF8AC4BE654A}.Release|Any CPU.ActiveCfg = Release|Any CPU
		{DA4A0A89-3435-4F21-8C5C-DF8AC4BE654A}.Release|Any CPU.Build.0 = Release|Any CPU
		{DA4A0A89-3435-4F21-8C5C-DF8AC4BE654A}.Release|x64.ActiveCfg = Release|Any CPU
		{DA4A0A89-3435-4F21-8C5C-DF8AC4BE654A}.Release|x64.Build.0 = Release|Any CPU
		{DA4A0A89-3435-4F21-8C5C-DF8AC4BE654A}.Release|x86.ActiveCfg = Release|Any CPU
		{DA4A0A89-3435-4F21-8C5C-DF8AC4BE654A}.Release|x86.Build.0 = Release|Any CPU
		{FBDCC603-D83D-4E91-BF3A-8AE2C18FEC7D}.Debug|Any CPU.ActiveCfg = Debug|Any CPU
		{FBDCC603-D83D-4E91-BF3A-8AE2C18FEC7D}.Debug|Any CPU.Build.0 = Debug|Any CPU
		{FBDCC603-D83D-4E91-BF3A-8AE2C18FEC7D}.Debug|x64.ActiveCfg = Debug|Any CPU
		{FBDCC603-D83D-4E91-BF3A-8AE2C18FEC7D}.Debug|x64.Build.0 = Debug|Any CPU
		{FBDCC603-D83D-4E91-BF3A-8AE2C18FEC7D}.Debug|x86.ActiveCfg = Debug|Any CPU
		{FBDCC603-D83D-4E91-BF3A-8AE2C18FEC7D}.Debug|x86.Build.0 = Debug|Any CPU
		{FBDCC603-D83D-4E91-BF3A-8AE2C18FEC7D}.Release|Any CPU.ActiveCfg = Release|Any CPU
		{FBDCC603-D83D-4E91-BF3A-8AE2C18FEC7D}.Release|Any CPU.Build.0 = Release|Any CPU
		{FBDCC603-D83D-4E91-BF3A-8AE2C18FEC7D}.Release|x64.ActiveCfg = Release|Any CPU
		{FBDCC603-D83D-4E91-BF3A-8AE2C18FEC7D}.Release|x64.Build.0 = Release|Any CPU
		{FBDCC603-D83D-4E91-BF3A-8AE2C18FEC7D}.Release|x86.ActiveCfg = Release|Any CPU
		{FBDCC603-D83D-4E91-BF3A-8AE2C18FEC7D}.Release|x86.Build.0 = Release|Any CPU
	EndGlobalSection
	GlobalSection(NestedProjects) = preSolution
		{DA4A0A89-3435-4F21-8C5C-DF8AC4BE654A} = {F950B91D-0375-4193-8627-E223D12CA0EA}
		{FBDCC603-D83D-4E91-BF3A-8AE2C18FEC7D} = {6DFCEB95-787D-4A66-8A3F-66D98448AE3D}
	EndGlobalSection
EndGlobal
